
Microsoft Visual Studio Solution File, Format Version 12.00
# Visual Studio Version 16
VisualStudioVersion = 16.0.31624.102
MinimumVisualStudioVersion = 10.0.40219.1
Project("{9A19103F-16F7-4668-BE54-9A1E7A4F7556}") = "App", "App.csproj", "{425AE3F8-C5F8-4E9B-9254-910913960BDB}"
EndProject
Project("{9A19103F-16F7-4668-BE54-9A1E7A4F7556}") = "Api", "..\ApiSingleSignOn\Api.csproj", "{B8B84E8F-0931-404C-AB77-51F946E51DA1}"
EndProject
Project("{9A19103F-16F7-4668-BE54-9A1E7A4F7556}") = "Business", "..\Business\Business.csproj", "{8C337D4F-AA61-4878-8B48-C0222DC37162}"
EndProject
Project("{9A19103F-16F7-4668-BE54-9A1E7A4F7556}") = "DAL", "..\DAL\DAL.csproj", "{61F06F59-8449-430F-B2DE-81AA0A05EE3B}"
EndProject
Project("{FAE04EC0-301F-11D3-BF4B-00C04F79EFBC}") = "Models", "..\Models\Models.csproj", "{F410D1ED-9A71-4C3E-9070-743F8B0D461C}"
EndProject
Global
	GlobalSection(SolutionConfigurationPlatforms) = preSolution
		Debug|Any CPU = Debug|Any CPU
		Release|Any CPU = Release|Any CPU
	EndGlobalSection
	GlobalSection(ProjectConfigurationPlatforms) = postSolution
		{425AE3F8-C5F8-4E9B-9254-910913960BDB}.Debug|Any CPU.ActiveCfg = Debug|Any CPU
		{425AE3F8-C5F8-4E9B-9254-910913960BDB}.Debug|Any CPU.Build.0 = Debug|Any CPU
		{425AE3F8-C5F8-4E9B-9254-910913960BDB}.Release|Any CPU.ActiveCfg = Release|Any CPU
		{425AE3F8-C5F8-4E9B-9254-910913960BDB}.Release|Any CPU.Build.0 = Release|Any CPU
		{B8B84E8F-0931-404C-AB77-51F946E51DA1}.Debug|Any CPU.ActiveCfg = Debug|Any CPU
		{B8B84E8F-0931-404C-AB77-51F946E51DA1}.Debug|Any CPU.Build.0 = Debug|Any CPU
		{B8B84E8F-0931-404C-AB77-51F946E51DA1}.Release|Any CPU.ActiveCfg = Release|Any CPU
		{B8B84E8F-0931-404C-AB77-51F946E51DA1}.Release|Any CPU.Build.0 = Release|Any CPU
		{8C337D4F-AA61-4878-8B48-C0222DC37162}.Debug|Any CPU.ActiveCfg = Debug|Any CPU
		{8C337D4F-AA61-4878-8B48-C0222DC37162}.Debug|Any CPU.Build.0 = Debug|Any CPU
		{8C337D4F-AA61-4878-8B48-C0222DC37162}.Release|Any CPU.ActiveCfg = Release|Any CPU
		{8C337D4F-AA61-4878-8B48-C0222DC37162}.Release|Any CPU.Build.0 = Release|Any CPU
		{61F06F59-8449-430F-B2DE-81AA0A05EE3B}.Debug|Any CPU.ActiveCfg = Debug|Any CPU
		{61F06F59-8449-430F-B2DE-81AA0A05EE3B}.Debug|Any CPU.Build.0 = Debug|Any CPU
		{61F06F59-8449-430F-B2DE-81AA0A05EE3B}.Release|Any CPU.ActiveCfg = Release|Any CPU
		{61F06F59-8449-430F-B2DE-81AA0A05EE3B}.Release|Any CPU.Build.0 = Release|Any CPU
		{F410D1ED-9A71-4C3E-9070-743F8B0D461C}.Debug|Any CPU.ActiveCfg = Debug|Any CPU
		{F410D1ED-9A71-4C3E-9070-743F8B0D461C}.Debug|Any CPU.Build.0 = Debug|Any CPU
		{F410D1ED-9A71-4C3E-9070-743F8B0D461C}.Release|Any CPU.ActiveCfg = Release|Any CPU
		{F410D1ED-9A71-4C3E-9070-743F8B0D461C}.Release|Any CPU.Build.0 = Release|Any CPU
	EndGlobalSection
	GlobalSection(SolutionProperties) = preSolution
		HideSolutionNode = FALSE
	EndGlobalSection
	GlobalSection(ExtensibilityGlobals) = postSolution
		SolutionGuid = {418317AB-B0E3-40EC-95D4-4B0F5A02CC00}
	EndGlobalSection
EndGlobal
